
Microsoft Visual Studio Solution File, Format Version 12.00
# Visual Studio Version 16
VisualStudioVersion = 16.0.29025.244
MinimumVisualStudioVersion = 10.0.40219.1
Project("{9A19103F-16F7-4668-BE54-9A1E7A4F7556}") = "Example1", "Example1\Example1.csproj", "{90D68CE9-1392-4C5D-98DC-D3976161F8FD}"
EndProject
Project("{9A19103F-16F7-4668-BE54-9A1E7A4F7556}") = "Chapter2", "Chapter2\Chapter2.csproj", "{3335C271-CABB-4CC0-A68A-C5F4FA37924A}"
EndProject
Project("{FAE04EC0-301F-11D3-BF4B-00C04F79EFBC}") = "Chapter4", "Chapter4\Chapter4.csproj", "{9EBD6CF0-2DB1-4301-8656-2FAE490E6607}"
EndProject
Project("{FAE04EC0-301F-11D3-BF4B-00C04F79EFBC}") = "Chapter4MicroserviceClient", "Chapter4MicroserviceClient\Chapter4MicroserviceClient.csproj", "{E5B003DA-7420-48C3-96D7-817B770072A5}"
EndProject
Global
	GlobalSection(SolutionConfigurationPlatforms) = preSolution
		Debug|Any CPU = Debug|Any CPU
		Release|Any CPU = Release|Any CPU
	EndGlobalSection
	GlobalSection(ProjectConfigurationPlatforms) = postSolution
		{90D68CE9-1392-4C5D-98DC-D3976161F8FD}.Debug|Any CPU.ActiveCfg = Debug|Any CPU
		{90D68CE9-1392-4C5D-98DC-D3976161F8FD}.Debug|Any CPU.Build.0 = Debug|Any CPU
		{90D68CE9-1392-4C5D-98DC-D3976161F8FD}.Release|Any CPU.ActiveCfg = Release|Any CPU
		{90D68CE9-1392-4C5D-98DC-D3976161F8FD}.Release|Any CPU.Build.0 = Release|Any CPU
		{3335C271-CABB-4CC0-A68A-C5F4FA37924A}.Debug|Any CPU.ActiveCfg = Debug|Any CPU
		{3335C271-CABB-4CC0-A68A-C5F4FA37924A}.Debug|Any CPU.Build.0 = Debug|Any CPU
		{3335C271-CABB-4CC0-A68A-C5F4FA37924A}.Release|Any CPU.ActiveCfg = Release|Any CPU
		{3335C271-CABB-4CC0-A68A-C5F4FA37924A}.Release|Any CPU.Build.0 = Release|Any CPU
		{9EBD6CF0-2DB1-4301-8656-2FAE490E6607}.Debug|Any CPU.ActiveCfg = Debug|Any CPU
		{9EBD6CF0-2DB1-4301-8656-2FAE490E6607}.Debug|Any CPU.Build.0 = Debug|Any CPU
		{9EBD6CF0-2DB1-4301-8656-2FAE490E6607}.Release|Any CPU.ActiveCfg = Release|Any CPU
		{9EBD6CF0-2DB1-4301-8656-2FAE490E6607}.Release|Any CPU.Build.0 = Release|Any CPU
		{E5B003DA-7420-48C3-96D7-817B770072A5}.Debug|Any CPU.ActiveCfg = Debug|Any CPU
		{E5B003DA-7420-48C3-96D7-817B770072A5}.Debug|Any CPU.Build.0 = Debug|Any CPU
		{E5B003DA-7420-48C3-96D7-817B770072A5}.Release|Any CPU.ActiveCfg = Release|Any CPU
		{E5B003DA-7420-48C3-96D7-817B770072A5}.Release|Any CPU.Build.0 = Release|Any CPU
	EndGlobalSection
	GlobalSection(SolutionProperties) = preSolution
		HideSolutionNode = FALSE
	EndGlobalSection
	GlobalSection(ExtensibilityGlobals) = postSolution
		SolutionGuid = {6BEFFE56-C0B8-4B82-A2E8-6ECD04A13214}
	EndGlobalSection
EndGlobal
